
Microsoft Visual Studio Solution File, Format Version 12.00
# Visual Studio Version 17
VisualStudioVersion = 17.2.32516.85
MinimumVisualStudioVersion = 10.0.40219.1
Project("{FAE04EC0-301F-11D3-BF4B-00C04F79EFBC}") = "ProjectManagementAPIs", "ProjectManagementAPIs\ProjectManagementAPIs.csproj", "{3D1DFEBD-CC11-4E7E-B1BA-A40626F14EFF}"
EndProject
Global
	GlobalSection(SolutionConfigurationPlatforms) = preSolution
		Debug|Any CPU = Debug|Any CPU
		Release|Any CPU = Release|Any CPU
	EndGlobalSection
	GlobalSection(ProjectConfigurationPlatforms) = postSolution
		{3D1DFEBD-CC11-4E7E-B1BA-A40626F14EFF}.Debug|Any CPU.ActiveCfg = Debug|Any CPU
		{3D1DFEBD-CC11-4E7E-B1BA-A40626F14EFF}.Debug|Any CPU.Build.0 = Debug|Any CPU
		{3D1DFEBD-CC11-4E7E-B1BA-A40626F14EFF}.Release|Any CPU.ActiveCfg = Release|Any CPU
		{3D1DFEBD-CC11-4E7E-B1BA-A40626F14EFF}.Release|Any CPU.Build.0 = Release|Any CPU
	EndGlobalSection
	GlobalSection(SolutionProperties) = preSolution
		HideSolutionNode = FALSE
	EndGlobalSection
	GlobalSection(ExtensibilityGlobals) = postSolution
		SolutionGuid = {60E22465-6AFC-4A1D-A62D-3C427AC3EDC7}
	EndGlobalSection
EndGlobal
